
Microsoft Visual Studio Solution File, Format Version 12.00
# Visual Studio Version 17
VisualStudioVersion = 17.10.34928.147
MinimumVisualStudioVersion = 10.0.40219.1
Project("{FAE04EC0-301F-11D3-BF4B-00C04F79EFBC}") = "MSP.Domain", "MSP.Domain\MSP.Domain.csproj", "{A917E47A-2EA6-4482-8279-F96F9EE33721}"
EndProject
Project("{FAE04EC0-301F-11D3-BF4B-00C04F79EFBC}") = "MSP.Infrastructure", "MSP.Infrastructure\MSP.Infrastructure.csproj", "{F7B0469B-AD63-4876-8D2E-033B4C44A2F1}"
EndProject
Project("{FAE04EC0-301F-11D3-BF4B-00C04F79EFBC}") = "MSP.Application", "MSP.Application\MSP.Application.csproj", "{A462B684-1041-47D8-AB7D-EA80130EB124}"
EndProject
Project("{FAE04EC0-301F-11D3-BF4B-00C04F79EFBC}") = "MSP.Shared", "MSP.Shared\MSP.Shared.csproj", "{5A99E2DF-47A1-4993-856C-C74D31F9E376}"
EndProject
Project("{FAE04EC0-301F-11D3-BF4B-00C04F79EFBC}") = "MSP.WebAPI", "MSP.WebAPI\MSP.WebAPI.csproj", "{375DAC92-8DA3-412B-8A1D-CB3BAD6DB34E}"
EndProject
Project("{FAE04EC0-301F-11D3-BF4B-00C04F79EFBC}") = "MSP.Tests", "MSP.Tests\MSP.Tests.csproj", "{C5D5E5E5-E5E5-E5E5-E5E5-E5E5E5E5E5E5}"
EndProject
Global
	GlobalSection(SolutionConfigurationPlatforms) = preSolution
		Debug|Any CPU = Debug|Any CPU
		Release|Any CPU = Release|Any CPU
	EndGlobalSection
	GlobalSection(ProjectConfigurationPlatforms) = postSolution
		{A917E47A-2EA6-4482-8279-F96F9EE33721}.Debug|Any CPU.ActiveCfg = Debug|Any CPU
		{A917E47A-2EA6-4482-8279-F96F9EE33721}.Debug|Any CPU.Build.0 = Debug|Any CPU
		{A917E47A-2EA6-4482-8279-F96F9EE33721}.Release|Any CPU.ActiveCfg = Release|Any CPU
		{A917E47A-2EA6-4482-8279-F96F9EE33721}.Release|Any CPU.Build.0 = Release|Any CPU
		{F7B0469B-AD63-4876-8D2E-033B4C44A2F1}.Debug|Any CPU.ActiveCfg = Debug|Any CPU
		{F7B0469B-AD63-4876-8D2E-033B4C44A2F1}.Debug|Any CPU.Build.0 = Debug|Any CPU
		{F7B0469B-AD63-4876-8D2E-033B4C44A2F1}.Release|Any CPU.ActiveCfg = Release|Any CPU
		{F7B0469B-AD63-4876-8D2E-033B4C44A2F1}.Release|Any CPU.Build.0 = Release|Any CPU
		{A462B684-1041-47D8-AB7D-EA80130EB124}.Debug|Any CPU.ActiveCfg = Debug|Any CPU
		{A462B684-1041-47D8-AB7D-EA80130EB124}.Debug|Any CPU.Build.0 = Debug|Any CPU
		{A462B684-1041-47D8-AB7D-EA80130EB124}.Release|Any CPU.ActiveCfg = Release|Any CPU
		{A462B684-1041-47D8-AB7D-EA80130EB124}.Release|Any CPU.Build.0 = Release|Any CPU
		{5A99E2DF-47A1-4993-856C-C74D31F9E376}.Debug|Any CPU.ActiveCfg = Debug|Any CPU
		{5A99E2DF-47A1-4993-856C-C74D31F9E376}.Debug|Any CPU.Build.0 = Debug|Any CPU
		{5A99E2DF-47A1-4993-856C-C74D31F9E376}.Release|Any CPU.ActiveCfg = Release|Any CPU
		{5A99E2DF-47A1-4993-856C-C74D31F9E376}.Release|Any CPU.Build.0 = Release|Any CPU
		{375DAC92-8DA3-412B-8A1D-CB3BAD6DB34E}.Debug|Any CPU.ActiveCfg = Debug|Any CPU
		{375DAC92-8DA3-412B-8A1D-CB3BAD6DB34E}.Debug|Any CPU.Build.0 = Debug|Any CPU
		{375DAC92-8DA3-412B-8A1D-CB3BAD6DB34E}.Release|Any CPU.ActiveCfg = Release|Any CPU
		{375DAC92-8DA3-412B-8A1D-CB3BAD6DB34E}.Release|Any CPU.Build.0 = Release|Any CPU
		{C5D5E5E5-E5E5-E5E5-E5E5-E5E5E5E5E5E5}.Debug|Any CPU.ActiveCfg = Debug|Any CPU
		{C5D5E5E5-E5E5-E5E5-E5E5-E5E5E5E5E5E5}.Debug|Any CPU.Build.0 = Debug|Any CPU
		{C5D5E5E5-E5E5-E5E5-E5E5-E5E5E5E5E5E5}.Release|Any CPU.ActiveCfg = Release|Any CPU
		{C5D5E5E5-E5E5-E5E5-E5E5-E5E5E5E5E5E5}.Release|Any CPU.Build.0 = Release|Any CPU
	EndGlobalSection
	GlobalSection(SolutionProperties) = preSolution
		HideSolutionNode = FALSE
	EndGlobalSection
	GlobalSection(ExtensibilityGlobals) = postSolution
		SolutionGuid = {8F6FB80B-CED5-4430-8D84-6BC4CFC61B55}
	EndGlobalSection
EndGlobal
